
Microsoft Visual Studio Solution File, Format Version 12.00
Project("{2150E333-8FDC-42A3-9474-1A3956D46DE8}") = "BusinessLogicLayer", "BusinessLogicLayer", "{2B53D696-75D9-4A41-8AFC-C08872478492}"
EndProject
Project("{2150E333-8FDC-42A3-9474-1A3956D46DE8}") = "Common", "Common", "{4E911644-0C2F-4E6A-8129-4B82BD1EE061}"
EndProject
Project("{2150E333-8FDC-42A3-9474-1A3956D46DE8}") = "DataAccessLayer", "DataAccessLayer", "{2EFCE6EC-B244-4369-9AFA-8C954961DD8E}"
EndProject
Project("{2150E333-8FDC-42A3-9474-1A3956D46DE8}") = "PresentationLayer", "PresentationLayer", "{C7791D26-3B53-4A85-8000-959C9D4A76B6}"
EndProject
Project("{FAE04EC0-301F-11D3-BF4B-00C04F79EFBC}") = "Note.Model", "Note.Model\Note.Model.csproj", "{1FD95EEE-6EFF-4F62-BE0E-D07A59CD7473}"
EndProject
Project("{FAE04EC0-301F-11D3-BF4B-00C04F79EFBC}") = "Note.IDAL", "Note.IDAL\Note.IDAL.csproj", "{42A0E08C-160B-4724-A583-8FE44410E700}"
EndProject
Project("{FAE04EC0-301F-11D3-BF4B-00C04F79EFBC}") = "Note.DAL", "Note.DAL\Note.DAL.csproj", "{A9A5153D-B9E7-4E32-9229-04F457730513}"
EndProject
Project("{FAE04EC0-301F-11D3-BF4B-00C04F79EFBC}") = "Note.BLL", "Note.BLL\Note.BLL.csproj", "{9ECF7E4F-7993-44EF-AF00-9BA60856BA21}"
EndProject
Project("{FAE04EC0-301F-11D3-BF4B-00C04F79EFBC}") = "Note.MVC", "Note.MVC\Note.MVC.csproj", "{D07E5D93-2923-4351-B736-E0B8A2A60028}"
EndProject
Global
	GlobalSection(SolutionConfigurationPlatforms) = preSolution
		Debug|Any CPU = Debug|Any CPU
		Release|Any CPU = Release|Any CPU
	EndGlobalSection
	GlobalSection(ProjectConfigurationPlatforms) = postSolution
		{1FD95EEE-6EFF-4F62-BE0E-D07A59CD7473}.Debug|Any CPU.ActiveCfg = Debug|Any CPU
		{1FD95EEE-6EFF-4F62-BE0E-D07A59CD7473}.Debug|Any CPU.Build.0 = Debug|Any CPU
		{1FD95EEE-6EFF-4F62-BE0E-D07A59CD7473}.Release|Any CPU.ActiveCfg = Release|Any CPU
		{1FD95EEE-6EFF-4F62-BE0E-D07A59CD7473}.Release|Any CPU.Build.0 = Release|Any CPU
		{42A0E08C-160B-4724-A583-8FE44410E700}.Debug|Any CPU.ActiveCfg = Debug|Any CPU
		{42A0E08C-160B-4724-A583-8FE44410E700}.Debug|Any CPU.Build.0 = Debug|Any CPU
		{42A0E08C-160B-4724-A583-8FE44410E700}.Release|Any CPU.ActiveCfg = Release|Any CPU
		{42A0E08C-160B-4724-A583-8FE44410E700}.Release|Any CPU.Build.0 = Release|Any CPU
		{A9A5153D-B9E7-4E32-9229-04F457730513}.Debug|Any CPU.ActiveCfg = Debug|Any CPU
		{A9A5153D-B9E7-4E32-9229-04F457730513}.Debug|Any CPU.Build.0 = Debug|Any CPU
		{A9A5153D-B9E7-4E32-9229-04F457730513}.Release|Any CPU.ActiveCfg = Release|Any CPU
		{A9A5153D-B9E7-4E32-9229-04F457730513}.Release|Any CPU.Build.0 = Release|Any CPU
		{9ECF7E4F-7993-44EF-AF00-9BA60856BA21}.Debug|Any CPU.ActiveCfg = Debug|Any CPU
		{9ECF7E4F-7993-44EF-AF00-9BA60856BA21}.Debug|Any CPU.Build.0 = Debug|Any CPU
		{9ECF7E4F-7993-44EF-AF00-9BA60856BA21}.Release|Any CPU.ActiveCfg = Release|Any CPU
		{9ECF7E4F-7993-44EF-AF00-9BA60856BA21}.Release|Any CPU.Build.0 = Release|Any CPU
		{D07E5D93-2923-4351-B736-E0B8A2A60028}.Debug|Any CPU.ActiveCfg = Debug|Any CPU
		{D07E5D93-2923-4351-B736-E0B8A2A60028}.Debug|Any CPU.Build.0 = Debug|Any CPU
		{D07E5D93-2923-4351-B736-E0B8A2A60028}.Release|Any CPU.ActiveCfg = Release|Any CPU
		{D07E5D93-2923-4351-B736-E0B8A2A60028}.Release|Any CPU.Build.0 = Release|Any CPU
	EndGlobalSection
	GlobalSection(NestedProjects) = preSolution
		{1FD95EEE-6EFF-4F62-BE0E-D07A59CD7473} = {4E911644-0C2F-4E6A-8129-4B82BD1EE061}
		{42A0E08C-160B-4724-A583-8FE44410E700} = {2EFCE6EC-B244-4369-9AFA-8C954961DD8E}
		{A9A5153D-B9E7-4E32-9229-04F457730513} = {2EFCE6EC-B244-4369-9AFA-8C954961DD8E}
		{9ECF7E4F-7993-44EF-AF00-9BA60856BA21} = {2B53D696-75D9-4A41-8AFC-C08872478492}
		{D07E5D93-2923-4351-B736-E0B8A2A60028} = {C7791D26-3B53-4A85-8000-959C9D4A76B6}
	EndGlobalSection
EndGlobal
